
Microsoft Visual Studio Solution File, Format Version 12.00
# Visual Studio 2012
Project("{FAE04EC0-301F-11D3-BF4B-00C04F79EFBC}") = "LRUA", "LRUA\LRUA.csproj", "{AE37971C-4FF7-4D88-84C1-127AAE12426E}"
EndProject
Global
	GlobalSection(SolutionConfigurationPlatforms) = preSolution
		Debug|Any CPU = Debug|Any CPU
		Release|Any CPU = Release|Any CPU
	EndGlobalSection
	GlobalSection(ProjectConfigurationPlatforms) = postSolution
		{AE37971C-4FF7-4D88-84C1-127AAE12426E}.Debug|Any CPU.ActiveCfg = Debug|Any CPU
		{AE37971C-4FF7-4D88-84C1-127AAE12426E}.Debug|Any CPU.Build.0 = Debug|Any CPU
		{AE37971C-4FF7-4D88-84C1-127AAE12426E}.Release|Any CPU.ActiveCfg = Release|Any CPU
		{AE37971C-4FF7-4D88-84C1-127AAE12426E}.Release|Any CPU.Build.0 = Release|Any CPU
	EndGlobalSection
	GlobalSection(SolutionProperties) = preSolution
		HideSolutionNode = FALSE
	EndGlobalSection
EndGlobal
